
Microsoft Visual Studio Solution File, Format Version 12.00
# Visual Studio 15
VisualStudioVersion = 15.0.28307.1062
MinimumVisualStudioVersion = 10.0.40219.1
Project("{FAE04EC0-301F-11D3-BF4B-00C04F79EFBC}") = "DataFetcher", "DataFetcher\DataFetcher.csproj", "{71FA3FAF-95D5-4CEA-BA21-BDA190A1BA95}"
EndProject
Global
	GlobalSection(SolutionConfigurationPlatforms) = preSolution
		Debug|Any CPU = Debug|Any CPU
		Release|Any CPU = Release|Any CPU
	EndGlobalSection
	GlobalSection(ProjectConfigurationPlatforms) = postSolution
		{71FA3FAF-95D5-4CEA-BA21-BDA190A1BA95}.Debug|Any CPU.ActiveCfg = Debug|Any CPU
		{71FA3FAF-95D5-4CEA-BA21-BDA190A1BA95}.Debug|Any CPU.Build.0 = Debug|Any CPU
		{71FA3FAF-95D5-4CEA-BA21-BDA190A1BA95}.Release|Any CPU.ActiveCfg = Release|Any CPU
		{71FA3FAF-95D5-4CEA-BA21-BDA190A1BA95}.Release|Any CPU.Build.0 = Release|Any CPU
	EndGlobalSection
	GlobalSection(SolutionProperties) = preSolution
		HideSolutionNode = FALSE
	EndGlobalSection
	GlobalSection(ExtensibilityGlobals) = postSolution
		SolutionGuid = {5364CD9F-6C0B-4F99-9EF2-AFB4D5278C8C}
	EndGlobalSection
EndGlobal
